
Microsoft Visual Studio Solution File, Format Version 12.00
# Visual Studio Version 16
VisualStudioVersion = 16.0.30204.135
MinimumVisualStudioVersion = 10.0.40219.1
Project("{FAE04EC0-301F-11D3-BF4B-00C04F79EFBC}") = "TestTask", "TestTask\TestTask.csproj", "{DC143398-BB9D-4CE2-88FD-860DAD015B46}"
EndProject
Global
	GlobalSection(SolutionConfigurationPlatforms) = preSolution
		Debug|Any CPU = Debug|Any CPU
		Release|Any CPU = Release|Any CPU
	EndGlobalSection
	GlobalSection(ProjectConfigurationPlatforms) = postSolution
		{DC143398-BB9D-4CE2-88FD-860DAD015B46}.Debug|Any CPU.ActiveCfg = Debug|Any CPU
		{DC143398-BB9D-4CE2-88FD-860DAD015B46}.Debug|Any CPU.Build.0 = Debug|Any CPU
		{DC143398-BB9D-4CE2-88FD-860DAD015B46}.Release|Any CPU.ActiveCfg = Release|Any CPU
		{DC143398-BB9D-4CE2-88FD-860DAD015B46}.Release|Any CPU.Build.0 = Release|Any CPU
	EndGlobalSection
	GlobalSection(SolutionProperties) = preSolution
		HideSolutionNode = FALSE
	EndGlobalSection
	GlobalSection(ExtensibilityGlobals) = postSolution
		SolutionGuid = {7EDC04C3-483C-458D-9A24-1572CA732B62}
	EndGlobalSection
EndGlobal
